
Microsoft Visual Studio Solution File, Format Version 12.00
# Visual Studio Version 17
VisualStudioVersion = 17.7.34031.279
MinimumVisualStudioVersion = 10.0.40219.1
Project("{FAE04EC0-301F-11D3-BF4B-00C04F79EFBC}") = "Questionnaire", "Questionnaire\Questionnaire.csproj", "{F7ED92E4-4888-4132-8A13-C6A6D6984725}"
EndProject
Global
	GlobalSection(SolutionConfigurationPlatforms) = preSolution
		Debug|Any CPU = Debug|Any CPU
		Release|Any CPU = Release|Any CPU
	EndGlobalSection
	GlobalSection(ProjectConfigurationPlatforms) = postSolution
		{F7ED92E4-4888-4132-8A13-C6A6D6984725}.Debug|Any CPU.ActiveCfg = Debug|Any CPU
		{F7ED92E4-4888-4132-8A13-C6A6D6984725}.Debug|Any CPU.Build.0 = Debug|Any CPU
		{F7ED92E4-4888-4132-8A13-C6A6D6984725}.Release|Any CPU.ActiveCfg = Release|Any CPU
		{F7ED92E4-4888-4132-8A13-C6A6D6984725}.Release|Any CPU.Build.0 = Release|Any CPU
	EndGlobalSection
	GlobalSection(SolutionProperties) = preSolution
		HideSolutionNode = FALSE
	EndGlobalSection
	GlobalSection(ExtensibilityGlobals) = postSolution
		SolutionGuid = {68CB392C-CFC8-4CE9-9FD0-044827DF6920}
	EndGlobalSection
EndGlobal
